
Microsoft Visual Studio Solution File, Format Version 12.00
# Visual Studio Version 17
VisualStudioVersion = 17.11.35219.272
MinimumVisualStudioVersion = 10.0.40219.1
Project("{FAE04EC0-301F-11D3-BF4B-00C04F79EFBC}") = "Lab12", "Lab12\Lab12.csproj", "{CCD5FBA2-B121-44C3-B2EC-A685EC3903B7}"
EndProject
Global
	GlobalSection(SolutionConfigurationPlatforms) = preSolution
		Debug|Any CPU = Debug|Any CPU
		Release|Any CPU = Release|Any CPU
	EndGlobalSection
	GlobalSection(ProjectConfigurationPlatforms) = postSolution
		{CCD5FBA2-B121-44C3-B2EC-A685EC3903B7}.Debug|Any CPU.ActiveCfg = Debug|Any CPU
		{CCD5FBA2-B121-44C3-B2EC-A685EC3903B7}.Debug|Any CPU.Build.0 = Debug|Any CPU
		{CCD5FBA2-B121-44C3-B2EC-A685EC3903B7}.Release|Any CPU.ActiveCfg = Release|Any CPU
		{CCD5FBA2-B121-44C3-B2EC-A685EC3903B7}.Release|Any CPU.Build.0 = Release|Any CPU
	EndGlobalSection
	GlobalSection(SolutionProperties) = preSolution
		HideSolutionNode = FALSE
	EndGlobalSection
	GlobalSection(ExtensibilityGlobals) = postSolution
		SolutionGuid = {4C89D40D-0D8E-466B-B9EC-3752D37BA505}
	EndGlobalSection
EndGlobal
